// !$*UTF8*$!
{
	archiveVersion = 1;
	classes = {
	};
	objectVersion = 50;
	objects = {

/* Begin PBXBuildFile section */
		B540066C26AA19EF00828942 /* AppDelegate.swift in Sources */ = {isa = PBXBuildFile; fileRef = B540066B26AA19EF00828942 /* AppDelegate.swift */; };
		B540066E26AA19EF00828942 /* SceneDelegate.swift in Sources */ = {isa = PBXBuildFile; fileRef = B540066D26AA19EF00828942 /* SceneDelegate.swift */; };
		B540067326AA19EF00828942 /* Main.storyboard in Resources */ = {isa = PBXBuildFile; fileRef = B540067126AA19EF00828942 /* Main.storyboard */; };
		B540067526AA19F000828942 /* Assets.xcassets in Resources */ = {isa = PBXBuildFile; fileRef = B540067426AA19F000828942 /* Assets.xcassets */; };
		B540067826AA19F000828942 /* LaunchScreen.storyboard in Resources */ = {isa = PBXBuildFile; fileRef = B540067626AA19F000828942 /* LaunchScreen.storyboard */; };
		B540068726AA1D2700828942 /* Chicken.swift in Sources */ = {isa = PBXBuildFile; fileRef = B540068626AA1D2700828942 /* Chicken.swift */; };
		B540068A26AA217C00828942 /* ChickenController.swift in Sources */ = {isa = PBXBuildFile; fileRef = B540068926AA217C00828942 /* ChickenController.swift */; };
		B540068C26AA224B00828942 /* ChickenTableViewController.swift in Sources */ = {isa = PBXBuildFile; fileRef = B540068B26AA224B00828942 /* ChickenTableViewController.swift */; };
		B540068E26AA276500828942 /* DetailsViewController.swift in Sources */ = {isa = PBXBuildFile; fileRef = B540068D26AA276500828942 /* DetailsViewController.swift */; };
		B540069026AA36D300828942 /* GameCollectionViewController.swift in Sources */ = {isa = PBXBuildFile; fileRef = B540068F26AA36D300828942 /* GameCollectionViewController.swift */; };
		B540069326AA56CC00828942 /* GameCollectionViewCell.swift in Sources */ = {isa = PBXBuildFile; fileRef = B540069226AA56CC00828942 /* GameCollectionViewCell.swift */; };
		B540069526AA737A00828942 /* FilterViewController.swift in Sources */ = {isa = PBXBuildFile; fileRef = B540069426AA737A00828942 /* FilterViewController.swift */; };
/* End PBXBuildFile section */

/* Begin PBXFileReference section */
		B540066826AA19EF00828942 /* ProtocolsAndDelegatesPractice.app */ = {isa = PBXFileReference; explicitFileType = wrapper.application; includeInIndex = 0; path = ProtocolsAndDelegatesPractice.app; sourceTree = BUILT_PRODUCTS_DIR; };
		B540066B26AA19EF00828942 /* AppDelegate.swift */ = {isa = PBXFileReference; lastKnownFileType = sourcecode.swift; path = AppDelegate.swift; sourceTree = "<group>"; };
		B540066D26AA19EF00828942 /* SceneDelegate.swift */ = {isa = PBXFileReference; lastKnownFileType = sourcecode.swift; path = SceneDelegate.swift; sourceTree = "<group>"; };
		B540067226AA19EF00828942 /* Base */ = {isa = PBXFileReference; lastKnownFileType = file.storyboard; name = Base; path = Base.lproj/Main.storyboard; sourceTree = "<group>"; };
		B540067426AA19F000828942 /* Assets.xcassets */ = {isa = PBXFileReference; lastKnownFileType = folder.assetcatalog; path = Assets.xcassets; sourceTree = "<group>"; };
		B540067726AA19F000828942 /* Base */ = {isa = PBXFileReference; lastKnownFileType = file.storyboard; name = Base; path = Base.lproj/LaunchScreen.storyboard; sourceTree = "<group>"; };
		B540067926AA19F000828942 /* Info.plist */ = {isa = PBXFileReference; lastKnownFileType = text.plist.xml; path = Info.plist; sourceTree = "<group>"; };
		B540068626AA1D2700828942 /* Chicken.swift */ = {isa = PBXFileReference; lastKnownFileType = sourcecode.swift; path = Chicken.swift; sourceTree = "<group>"; };
		B540068926AA217C00828942 /* ChickenController.swift */ = {isa = PBXFileReference; lastKnownFileType = sourcecode.swift; path = ChickenController.swift; sourceTree = "<group>"; };
		B540068B26AA224B00828942 /* ChickenTableViewController.swift */ = {isa = PBXFileReference; lastKnownFileType = sourcecode.swift; path = ChickenTableViewController.swift; sourceTree = "<group>"; };
		B540068D26AA276500828942 /* DetailsViewController.swift */ = {isa = PBXFileReference; lastKnownFileType = sourcecode.swift; path = DetailsViewController.swift; sourceTree = "<group>"; };
		B540068F26AA36D300828942 /* GameCollectionViewController.swift */ = {isa = PBXFileReference; lastKnownFileType = sourcecode.swift; path = GameCollectionViewController.swift; sourceTree = "<group>"; };
		B540069226AA56CC00828942 /* GameCollectionViewCell.swift */ = {isa = PBXFileReference; lastKnownFileType = sourcecode.swift; path = GameCollectionViewCell.swift; sourceTree = "<group>"; };
		B540069426AA737A00828942 /* FilterViewController.swift */ = {isa = PBXFileReference; lastKnownFileType = sourcecode.swift; path = FilterViewController.swift; sourceTree = "<group>"; };
/* End PBXFileReference section */

/* Begin PBXFrameworksBuildPhase section */
		B540066526AA19EF00828942 /* Frameworks */ = {
			isa = PBXFrameworksBuildPhase;
			buildActionMask = 2147483647;
			files = (
			);
			runOnlyForDeploymentPostprocessing = 0;
		};
/* End PBXFrameworksBuildPhase section */

/* Begin PBXGroup section */
		B540065F26AA19EF00828942 = {
			isa = PBXGroup;
			children = (
				B540066A26AA19EF00828942 /* ProtocolsAndDelegatesPractice */,
				B540066926AA19EF00828942 /* Products */,
			);
			sourceTree = "<group>";
		};
		B540066926AA19EF00828942 /* Products */ = {
			isa = PBXGroup;
			children = (
				B540066826AA19EF00828942 /* ProtocolsAndDelegatesPractice.app */,
			);
			name = Products;
			sourceTree = "<group>";
		};
		B540066A26AA19EF00828942 /* ProtocolsAndDelegatesPractice */ = {
			isa = PBXGroup;
			children = (
				B540068426AA1D0E00828942 /* Models */,
				B540068326AA1BA400828942 /* Controllers */,
				B540068026AA1B6F00828942 /* Views */,
				B540067F26AA1A0E00828942 /* Resources */,
			);
			path = ProtocolsAndDelegatesPractice;
			sourceTree = "<group>";
		};
		B540067F26AA1A0E00828942 /* Resources */ = {
			isa = PBXGroup;
			children = (
				B540066B26AA19EF00828942 /* AppDelegate.swift */,
				B540066D26AA19EF00828942 /* SceneDelegate.swift */,
				B540067426AA19F000828942 /* Assets.xcassets */,
				B540067926AA19F000828942 /* Info.plist */,
			);
			path = Resources;
			sourceTree = "<group>";
		};
		B540068026AA1B6F00828942 /* Views */ = {
			isa = PBXGroup;
			children = (
				B540069126AA56A600828942 /* CustomCells */,
				B540068126AA1B7900828942 /* Storyboards */,
			);
			path = Views;
			sourceTree = "<group>";
		};
		B540068126AA1B7900828942 /* Storyboards */ = {
			isa = PBXGroup;
			children = (
				B540067126AA19EF00828942 /* Main.storyboard */,
				B540067626AA19F000828942 /* LaunchScreen.storyboard */,
			);
			path = Storyboards;
			sourceTree = "<group>";
		};
		B540068226AA1B8C00828942 /* ViewControllers */ = {
			isa = PBXGroup;
			children = (
				B540068B26AA224B00828942 /* ChickenTableViewController.swift */,
				B540068D26AA276500828942 /* DetailsViewController.swift */,
				B540068F26AA36D300828942 /* GameCollectionViewController.swift */,
				B540069426AA737A00828942 /* FilterViewController.swift */,
			);
			path = ViewControllers;
			sourceTree = "<group>";
		};
		B540068326AA1BA400828942 /* Controllers */ = {
			isa = PBXGroup;
			children = (
				B540068826AA216B00828942 /* ModelControllers */,
				B540068226AA1B8C00828942 /* ViewControllers */,
			);
			path = Controllers;
			sourceTree = "<group>";
		};
		B540068426AA1D0E00828942 /* Models */ = {
			isa = PBXGroup;
			children = (
				B540068626AA1D2700828942 /* Chicken.swift */,
			);
			path = Models;
			sourceTree = "<group>";
		};
		B540068826AA216B00828942 /* ModelControllers */ = {
			isa = PBXGroup;
			children = (
				B540068926AA217C00828942 /* ChickenController.swift */,
			);
			path = ModelControllers;
			sourceTree = "<group>";
		};
		B540069126AA56A600828942 /* CustomCells */ = {
			isa = PBXGroup;
			children = (
				B540069226AA56CC00828942 /* GameCollectionViewCell.swift */,
			);
			path = CustomCells;
			sourceTree = "<group>";
		};
/* End PBXGroup section */

/* Begin PBXNativeTarget section */
		B540066726AA19EF00828942 /* ProtocolsAndDelegatesPractice */ = {
			isa = PBXNativeTarget;
			buildConfigurationList = B540067C26AA19F000828942 /* Build configuration list for PBXNativeTarget "ProtocolsAndDelegatesPractice" */;
			buildPhases = (
				B540066426AA19EF00828942 /* Sources */,
				B540066526AA19EF00828942 /* Frameworks */,
				B540066626AA19EF00828942 /* Resources */,
			);
			buildRules = (
			);
			dependencies = (
			);
			name = ProtocolsAndDelegatesPractice;
			productName = ProtocolsAndDelegatesPractice;
			productReference = B540066826AA19EF00828942 /* ProtocolsAndDelegatesPractice.app */;
			productType = "com.apple.product-type.application";
		};
/* End PBXNativeTarget section */

/* Begin PBXProject section */
		B540066026AA19EF00828942 /* Project object */ = {
			isa = PBXProject;
			attributes = {
				LastSwiftUpdateCheck = 1250;
				LastUpgradeCheck = 1250;
				TargetAttributes = {
					B540066726AA19EF00828942 = {
						CreatedOnToolsVersion = 12.5.1;
					};
				};
			};
			buildConfigurationList = B540066326AA19EF00828942 /* Build configuration list for PBXProject "ProtocolsAndDelegatesPractice" */;
			compatibilityVersion = "Xcode 9.3";
			developmentRegion = en;
			hasScannedForEncodings = 0;
			knownRegions = (
				en,
				Base,
			);
			mainGroup = B540065F26AA19EF00828942;
			productRefGroup = B540066926AA19EF00828942 /* Products */;
			projectDirPath = "";
			projectRoot = "";
			targets = (
				B540066726AA19EF00828942 /* ProtocolsAndDelegatesPractice */,
			);
		};
/* End PBXProject section */

/* Begin PBXResourcesBuildPhase section */
		B540066626AA19EF00828942 /* Resources */ = {
			isa = PBXResourcesBuildPhase;
			buildActionMask = 2147483647;
			files = (
				B540067826AA19F000828942 /* LaunchScreen.storyboard in Resources */,
				B540067526AA19F000828942 /* Assets.xcassets in Resources */,
				B540067326AA19EF00828942 /* Main.storyboard in Resources */,
			);
			runOnlyForDeploymentPostprocessing = 0;
		};
/* End PBXResourcesBuildPhase section */

/* Begin PBXSourcesBuildPhase section */
		B540066426AA19EF00828942 /* Sources */ = {
			isa = PBXSourcesBuildPhase;
			buildActionMask = 2147483647;
			files = (
				B540069326AA56CC00828942 /* GameCollectionViewCell.swift in Sources */,
				B540068726AA1D2700828942 /* Chicken.swift in Sources */,
				B540066C26AA19EF00828942 /* AppDelegate.swift in Sources */,
				B540069526AA737A00828942 /* FilterViewController.swift in Sources */,
				B540068C26AA224B00828942 /* ChickenTableViewController.swift in Sources */,
				B540066E26AA19EF00828942 /* SceneDelegate.swift in Sources */,
				B540068A26AA217C00828942 /* ChickenController.swift in Sources */,
				B540068E26AA276500828942 /* DetailsViewController.swift in Sources */,
				B540069026AA36D300828942 /* GameCollectionViewController.swift in Sources */,
			);
			runOnlyForDeploymentPostprocessing = 0;
		};
/* End PBXSourcesBuildPhase section */

/* Begin PBXVariantGroup section */
		B540067126AA19EF00828942 /* Main.storyboard */ = {
			isa = PBXVariantGroup;
			children = (
				B540067226AA19EF00828942 /* Base */,
			);
			name = Main.storyboard;
			sourceTree = "<group>";
		};
		B540067626AA19F000828942 /* LaunchScreen.storyboard */ = {
			isa = PBXVariantGroup;
			children = (
				B540067726AA19F000828942 /* Base */,
			);
			name = LaunchScreen.storyboard;
			sourceTree = "<group>";
		};
/* End PBXVariantGroup section */

/* Begin XCBuildConfiguration section */
		B540067A26AA19F000828942 /* Debug */ = {
			isa = XCBuildConfiguration;
			buildSettings = {
				ALWAYS_SEARCH_USER_PATHS = NO;
				CLANG_ANALYZER_NONNULL = YES;
				CLANG_ANALYZER_NUMBER_OBJECT_CONVERSION = YES_AGGRESSIVE;
				CLANG_CXX_LANGUAGE_STANDARD = "gnu++14";
				CLANG_CXX_LIBRARY = "libc++";
				CLANG_ENABLE_MODULES = YES;
				CLANG_ENABLE_OBJC_ARC = YES;
				CLANG_ENABLE_OBJC_WEAK = YES;
				CLANG_WARN_BLOCK_CAPTURE_AUTORELEASING = YES;
				CLANG_WARN_BOOL_CONVERSION = YES;
				CLANG_WARN_COMMA = YES;
				CLANG_WARN_CONSTANT_CONVERSION = YES;
				CLANG_WARN_DEPRECATED_OBJC_IMPLEMENTATIONS = YES;
				CLANG_WARN_DIRECT_OBJC_ISA_USAGE = YES_ERROR;
				CLANG_WARN_DOCUMENTATION_COMMENTS = YES;
				CLANG_WARN_EMPTY_BODY = YES;
				CLANG_WARN_ENUM_CONVERSION = YES;
				CLANG_WARN_INFINITE_RECURSION = YES;
				CLANG_WARN_INT_CONVERSION = YES;
				CLANG_WARN_NON_LITERAL_NULL_CONVERSION = YES;
				CLANG_WARN_OBJC_IMPLICIT_RETAIN_SELF = YES;
				CLANG_WARN_OBJC_LITERAL_CONVERSION = YES;
				CLANG_WARN_OBJC_ROOT_CLASS = YES_ERROR;
				CLANG_WARN_QUOTED_INCLUDE_IN_FRAMEWORK_HEADER = YES;
				CLANG_WARN_RANGE_LOOP_ANALYSIS = YES;
				CLANG_WARN_STRICT_PROTOTYPES = YES;
				CLANG_WARN_SUSPICIOUS_MOVE = YES;
				CLANG_WARN_UNGUARDED_AVAILABILITY = YES_AGGRESSIVE;
				CLANG_WARN_UNREACHABLE_CODE = YES;
				CLANG_WARN__DUPLICATE_METHOD_MATCH = YES;
				COPY_PHASE_STRIP = NO;
				DEBUG_INFORMATION_FORMAT = dwarf;
				ENABLE_STRICT_OBJC_MSGSEND = YES;
				ENABLE_TESTABILITY = YES;
				GCC_C_LANGUAGE_STANDARD = gnu11;
				GCC_DYNAMIC_NO_PIC = NO;
				GCC_NO_COMMON_BLOCKS = YES;
				GCC_OPTIMIZATION_LEVEL = 0;
				GCC_PREPROCESSOR_DEFINITIONS = (
					"DEBUG=1",
					"$(inherited)",
				);
				GCC_WARN_64_TO_32_BIT_CONVERSION = YES;
				GCC_WARN_ABOUT_RETURN_TYPE = YES_ERROR;
				GCC_WARN_UNDECLARED_SELECTOR = YES;
				GCC_WARN_UNINITIALIZED_AUTOS = YES_AGGRESSIVE;
				GCC_WARN_UNUSED_FUNCTION = YES;
				GCC_WARN_UNUSED_VARIABLE = YES;
				IPHONEOS_DEPLOYMENT_TARGET = 14.5;
				MTL_ENABLE_DEBUG_INFO = INCLUDE_SOURCE;
				MTL_FAST_MATH = YES;
				ONLY_ACTIVE_ARCH = YES;
				SDKROOT = iphoneos;
				SWIFT_ACTIVE_COMPILATION_CONDITIONS = DEBUG;
				SWIFT_OPTIMIZATION_LEVEL = "-Onone";
			};
			name = Debug;
		};
		B540067B26AA19F000828942 /* Release */ = {
			isa = XCBuildConfiguration;
			buildSettings = {
				ALWAYS_SEARCH_USER_PATHS = NO;
				CLANG_ANALYZER_NONNULL = YES;
				CLANG_ANALYZER_NUMBER_OBJECT_CONVERSION = YES_AGGRESSIVE;
				CLANG_CXX_LANGUAGE_STANDARD = "gnu++14";
				CLANG_CXX_LIBRARY = "libc++";
				CLANG_ENABLE_MODULES = YES;
				CLANG_ENABLE_OBJC_ARC = YES;
				CLANG_ENABLE_OBJC_WEAK = YES;
				CLANG_WARN_BLOCK_CAPTURE_AUTORELEASING = YES;
				CLANG_WARN_BOOL_CONVERSION = YES;
				CLANG_WARN_COMMA = YES;
				CLANG_WARN_CONSTANT_CONVERSION = YES;
				CLANG_WARN_DEPRECATED_OBJC_IMPLEMENTATIONS = YES;
				CLANG_WARN_DIRECT_OBJC_ISA_USAGE = YES_ERROR;
				CLANG_WARN_DOCUMENTATION_COMMENTS = YES;
				CLANG_WARN_EMPTY_BODY = YES;
				CLANG_WARN_ENUM_CONVERSION = YES;
				CLANG_WARN_INFINITE_RECURSION = YES;
				CLANG_WARN_INT_CONVERSION = YES;
				CLANG_WARN_NON_LITERAL_NULL_CONVERSION = YES;
				CLANG_WARN_OBJC_IMPLICIT_RETAIN_SELF = YES;
				CLANG_WARN_OBJC_LITERAL_CONVERSION = YES;
				CLANG_WARN_OBJC_ROOT_CLASS = YES_ERROR;
				CLANG_WARN_QUOTED_INCLUDE_IN_FRAMEWORK_HEADER = YES;
				CLANG_WARN_RANGE_LOOP_ANALYSIS = YES;
				CLANG_WARN_STRICT_PROTOTYPES = YES;
				CLANG_WARN_SUSPICIOUS_MOVE = YES;
				CLANG_WARN_UNGUARDED_AVAILABILITY = YES_AGGRESSIVE;
				CLANG_WARN_UNREACHABLE_CODE = YES;
				CLANG_WARN__DUPLICATE_METHOD_MATCH = YES;
				COPY_PHASE_STRIP = NO;
				DEBUG_INFORMATION_FORMAT = "dwarf-with-dsym";
				ENABLE_NS_ASSERTIONS = NO;
				ENABLE_STRICT_OBJC_MSGSEND = YES;
				GCC_C_LANGUAGE_STANDARD = gnu11;
				GCC_NO_COMMON_BLOCKS = YES;
				GCC_WARN_64_TO_32_BIT_CONVERSION = YES;
				GCC_WARN_ABOUT_RETURN_TYPE = YES_ERROR;
				GCC_WARN_UNDECLARED_SELECTOR = YES;
				GCC_WARN_UNINITIALIZED_AUTOS = YES_AGGRESSIVE;
				GCC_WARN_UNUSED_FUNCTION = YES;
				GCC_WARN_UNUSED_VARIABLE = YES;
				IPHONEOS_DEPLOYMENT_TARGET = 14.5;
				MTL_ENABLE_DEBUG_INFO = NO;
				MTL_FAST_MATH = YES;
				SDKROOT = iphoneos;
				SWIFT_COMPILATION_MODE = wholemodule;
				SWIFT_OPTIMIZATION_LEVEL = "-O";
				VALIDATE_PRODUCT = YES;
			};
			name = Release;
		};
		B540067D26AA19F000828942 /* Debug */ = {
			isa = XCBuildConfiguration;
			buildSettings = {
				ASSETCATALOG_COMPILER_APPICON_NAME = AppIcon;
				ASSETCATALOG_COMPILER_GLOBAL_ACCENT_COLOR_NAME = AccentColor;
				CODE_SIGN_STYLE = Automatic;
				DEVELOPMENT_TEAM = A5WKQ59823;
				INFOPLIST_FILE = ProtocolsAndDelegatesPractice/Resources/Info.plist;
				LD_RUNPATH_SEARCH_PATHS = (
					"$(inherited)",
					"@executable_path/Frameworks",
				);
				PRODUCT_BUNDLE_IDENTIFIER = com.BenErekson.ProtocolsAndDelegatesPractice;
				PRODUCT_NAME = "$(TARGET_NAME)";
				SWIFT_VERSION = 5.0;
				TARGETED_DEVICE_FAMILY = "1,2";
			};
			name = Debug;
		};
		B540067E26AA19F000828942 /* Release */ = {
			isa = XCBuildConfiguration;
			buildSettings = {
				ASSETCATALOG_COMPILER_APPICON_NAME = AppIcon;
				ASSETCATALOG_COMPILER_GLOBAL_ACCENT_COLOR_NAME = AccentColor;
				CODE_SIGN_STYLE = Automatic;
				DEVELOPMENT_TEAM = A5WKQ59823;
				INFOPLIST_FILE = ProtocolsAndDelegatesPractice/Resources/Info.plist;
				LD_RUNPATH_SEARCH_PATHS = (
					"$(inherited)",
					"@executable_path/Frameworks",
				);
				PRODUCT_BUNDLE_IDENTIFIER = com.BenErekson.ProtocolsAndDelegatesPractice;
				PRODUCT_NAME = "$(TARGET_NAME)";
				SWIFT_VERSION = 5.0;
				TARGETED_DEVICE_FAMILY = "1,2";
			};
			name = Release;
		};
/* End XCBuildConfiguration section */

/* Begin XCConfigurationList section */
		B540066326AA19EF00828942 /* Build configuration list for PBXProject "ProtocolsAndDelegatesPractice" */ = {
			isa = XCConfigurationList;
			buildConfigurations = (
				B540067A26AA19F000828942 /* Debug */,
				B540067B26AA19F000828942 /* Release */,
			);
			defaultConfigurationIsVisible = 0;
			defaultConfigurationName = Release;
		};
		B540067C26AA19F000828942 /* Build configuration list for PBXNativeTarget "ProtocolsAndDelegatesPractice" */ = {
			isa = XCConfigurationList;
			buildConfigurations = (
				B540067D26AA19F000828942 /* Debug */,
				B540067E26AA19F000828942 /* Release */,
			);
			defaultConfigurationIsVisible = 0;
			defaultConfigurationName = Release;
		};
/* End XCConfigurationList section */
	};
	rootObject = B540066026AA19EF00828942 /* Project object */;
}
